
Microsoft Visual Studio Solution File, Format Version 12.00
# Visual Studio Version 17
VisualStudioVersion = 17.0.31903.59
MinimumVisualStudioVersion = 10.0.40219.1
Project("{2150E333-8FDC-42A3-9474-1A3956D46DE8}") = "src", "src", "{827E0CD3-B72D-47B6-A68D-7590B98EB39B}"
EndProject
Project("{FAE04EC0-301F-11D3-BF4B-00C04F79EFBC}") = "POS.Domain", "src\POS.Domain\POS.Domain.csproj", "{17B1DC4A-A407-4831-B456-A4FDC418FE78}"
EndProject
Project("{FAE04EC0-301F-11D3-BF4B-00C04F79EFBC}") = "POS.Application", "src\POS.Application\POS.Application.csproj", "{85E5B3AE-CE43-4966-AA73-17E2F271DA53}"
EndProject
Project("{FAE04EC0-301F-11D3-BF4B-00C04F79EFBC}") = "POS.Infrastructure", "src\POS.Infrastructure\POS.Infrastructure.csproj", "{197BBC60-E622-422A-B0EB-415D5B559192}"
EndProject
Project("{FAE04EC0-301F-11D3-BF4B-00C04F79EFBC}") = "POS.UI", "src\POS.UI\POS.UI.csproj", "{54E559DA-CC56-44C7-ADFB-2A3D69F37C98}"
EndProject
Project("{FAE04EC0-301F-11D3-BF4B-00C04F79EFBC}") = "POS.DbMigrator", "src\POS.DbMigrator\POS.DbMigrator.csproj", "{572B6D41-2C06-44F1-92CD-95FAB5C3E6AE}"
EndProject
Global
	GlobalSection(SolutionConfigurationPlatforms) = preSolution
		Debug|Any CPU = Debug|Any CPU
		Debug|x64 = Debug|x64
		Debug|x86 = Debug|x86
		Release|Any CPU = Release|Any CPU
		Release|x64 = Release|x64
		Release|x86 = Release|x86
	EndGlobalSection
	GlobalSection(ProjectConfigurationPlatforms) = postSolution
		{17B1DC4A-A407-4831-B456-A4FDC418FE78}.Debug|Any CPU.ActiveCfg = Debug|Any CPU
		{17B1DC4A-A407-4831-B456-A4FDC418FE78}.Debug|Any CPU.Build.0 = Debug|Any CPU
		{17B1DC4A-A407-4831-B456-A4FDC418FE78}.Debug|x64.ActiveCfg = Debug|Any CPU
		{17B1DC4A-A407-4831-B456-A4FDC418FE78}.Debug|x64.Build.0 = Debug|Any CPU
		{17B1DC4A-A407-4831-B456-A4FDC418FE78}.Debug|x86.ActiveCfg = Debug|Any CPU
		{17B1DC4A-A407-4831-B456-A4FDC418FE78}.Debug|x86.Build.0 = Debug|Any CPU
		{17B1DC4A-A407-4831-B456-A4FDC418FE78}.Release|Any CPU.ActiveCfg = Release|Any CPU
		{17B1DC4A-A407-4831-B456-A4FDC418FE78}.Release|Any CPU.Build.0 = Release|Any CPU
		{17B1DC4A-A407-4831-B456-A4FDC418FE78}.Release|x64.ActiveCfg = Release|Any CPU
		{17B1DC4A-A407-4831-B456-A4FDC418FE78}.Release|x64.Build.0 = Release|Any CPU
		{17B1DC4A-A407-4831-B456-A4FDC418FE78}.Release|x86.ActiveCfg = Release|Any CPU
		{17B1DC4A-A407-4831-B456-A4FDC418FE78}.Release|x86.Build.0 = Release|Any CPU
		{85E5B3AE-CE43-4966-AA73-17E2F271DA53}.Debug|Any CPU.ActiveCfg = Debug|Any CPU
		{85E5B3AE-CE43-4966-AA73-17E2F271DA53}.Debug|Any CPU.Build.0 = Debug|Any CPU
		{85E5B3AE-CE43-4966-AA73-17E2F271DA53}.Debug|x64.ActiveCfg = Debug|Any CPU
		{85E5B3AE-CE43-4966-AA73-17E2F271DA53}.Debug|x64.Build.0 = Debug|Any CPU
		{85E5B3AE-CE43-4966-AA73-17E2F271DA53}.Debug|x86.ActiveCfg = Debug|Any CPU
		{85E5B3AE-CE43-4966-AA73-17E2F271DA53}.Debug|x86.Build.0 = Debug|Any CPU
		{85E5B3AE-CE43-4966-AA73-17E2F271DA53}.Release|Any CPU.ActiveCfg = Release|Any CPU
		{85E5B3AE-CE43-4966-AA73-17E2F271DA53}.Release|Any CPU.Build.0 = Release|Any CPU
		{85E5B3AE-CE43-4966-AA73-17E2F271DA53}.Release|x64.ActiveCfg = Release|Any CPU
		{85E5B3AE-CE43-4966-AA73-17E2F271DA53}.Release|x64.Build.0 = Release|Any CPU
		{85E5B3AE-CE43-4966-AA73-17E2F271DA53}.Release|x86.ActiveCfg = Release|Any CPU
		{85E5B3AE-CE43-4966-AA73-17E2F271DA53}.Release|x86.Build.0 = Release|Any CPU
		{197BBC60-E622-422A-B0EB-415D5B559192}.Debug|Any CPU.ActiveCfg = Debug|Any CPU
		{197BBC60-E622-422A-B0EB-415D5B559192}.Debug|Any CPU.Build.0 = Debug|Any CPU
		{197BBC60-E622-422A-B0EB-415D5B559192}.Debug|x64.ActiveCfg = Debug|Any CPU
		{197BBC60-E622-422A-B0EB-415D5B559192}.Debug|x64.Build.0 = Debug|Any CPU
		{197BBC60-E622-422A-B0EB-415D5B559192}.Debug|x86.ActiveCfg = Debug|Any CPU
		{197BBC60-E622-422A-B0EB-415D5B559192}.Debug|x86.Build.0 = Debug|Any CPU
		{197BBC60-E622-422A-B0EB-415D5B559192}.Release|Any CPU.ActiveCfg = Release|Any CPU
		{197BBC60-E622-422A-B0EB-415D5B559192}.Release|Any CPU.Build.0 = Release|Any CPU
		{197BBC60-E622-422A-B0EB-415D5B559192}.Release|x64.ActiveCfg = Release|Any CPU
		{197BBC60-E622-422A-B0EB-415D5B559192}.Release|x64.Build.0 = Release|Any CPU
		{197BBC60-E622-422A-B0EB-415D5B559192}.Release|x86.ActiveCfg = Release|Any CPU
		{197BBC60-E622-422A-B0EB-415D5B559192}.Release|x86.Build.0 = Release|Any CPU
		{54E559DA-CC56-44C7-ADFB-2A3D69F37C98}.Debug|Any CPU.ActiveCfg = Debug|Any CPU
		{54E559DA-CC56-44C7-ADFB-2A3D69F37C98}.Debug|Any CPU.Build.0 = Debug|Any CPU
		{54E559DA-CC56-44C7-ADFB-2A3D69F37C98}.Debug|x64.ActiveCfg = Debug|Any CPU
		{54E559DA-CC56-44C7-ADFB-2A3D69F37C98}.Debug|x64.Build.0 = Debug|Any CPU
		{54E559DA-CC56-44C7-ADFB-2A3D69F37C98}.Debug|x86.ActiveCfg = Debug|Any CPU
		{54E559DA-CC56-44C7-ADFB-2A3D69F37C98}.Debug|x86.Build.0 = Debug|Any CPU
		{54E559DA-CC56-44C7-ADFB-2A3D69F37C98}.Release|Any CPU.ActiveCfg = Release|Any CPU
		{54E559DA-CC56-44C7-ADFB-2A3D69F37C98}.Release|Any CPU.Build.0 = Release|Any CPU
		{54E559DA-CC56-44C7-ADFB-2A3D69F37C98}.Release|x64.ActiveCfg = Release|Any CPU
		{54E559DA-CC56-44C7-ADFB-2A3D69F37C98}.Release|x64.Build.0 = Release|Any CPU
		{54E559DA-CC56-44C7-ADFB-2A3D69F37C98}.Release|x86.ActiveCfg = Release|Any CPU
		{54E559DA-CC56-44C7-ADFB-2A3D69F37C98}.Release|x86.Build.0 = Release|Any CPU
		{572B6D41-2C06-44F1-92CD-95FAB5C3E6AE}.Debug|Any CPU.ActiveCfg = Debug|Any CPU
		{572B6D41-2C06-44F1-92CD-95FAB5C3E6AE}.Debug|Any CPU.Build.0 = Debug|Any CPU
		{572B6D41-2C06-44F1-92CD-95FAB5C3E6AE}.Debug|x64.ActiveCfg = Debug|Any CPU
		{572B6D41-2C06-44F1-92CD-95FAB5C3E6AE}.Debug|x64.Build.0 = Debug|Any CPU
		{572B6D41-2C06-44F1-92CD-95FAB5C3E6AE}.Debug|x86.ActiveCfg = Debug|Any CPU
		{572B6D41-2C06-44F1-92CD-95FAB5C3E6AE}.Debug|x86.Build.0 = Debug|Any CPU
		{572B6D41-2C06-44F1-92CD-95FAB5C3E6AE}.Release|Any CPU.ActiveCfg = Release|Any CPU
		{572B6D41-2C06-44F1-92CD-95FAB5C3E6AE}.Release|Any CPU.Build.0 = Release|Any CPU
		{572B6D41-2C06-44F1-92CD-95FAB5C3E6AE}.Release|x64.ActiveCfg = Release|Any CPU
		{572B6D41-2C06-44F1-92CD-95FAB5C3E6AE}.Release|x64.Build.0 = Release|Any CPU
		{572B6D41-2C06-44F1-92CD-95FAB5C3E6AE}.Release|x86.ActiveCfg = Release|Any CPU
		{572B6D41-2C06-44F1-92CD-95FAB5C3E6AE}.Release|x86.Build.0 = Release|Any CPU
	EndGlobalSection
	GlobalSection(SolutionProperties) = preSolution
		HideSolutionNode = FALSE
	EndGlobalSection
	GlobalSection(NestedProjects) = preSolution
		{17B1DC4A-A407-4831-B456-A4FDC418FE78} = {827E0CD3-B72D-47B6-A68D-7590B98EB39B}
		{85E5B3AE-CE43-4966-AA73-17E2F271DA53} = {827E0CD3-B72D-47B6-A68D-7590B98EB39B}
		{197BBC60-E622-422A-B0EB-415D5B559192} = {827E0CD3-B72D-47B6-A68D-7590B98EB39B}
		{54E559DA-CC56-44C7-ADFB-2A3D69F37C98} = {827E0CD3-B72D-47B6-A68D-7590B98EB39B}
		{572B6D41-2C06-44F1-92CD-95FAB5C3E6AE} = {827E0CD3-B72D-47B6-A68D-7590B98EB39B}
	EndGlobalSection
EndGlobal
